
Microsoft Visual Studio Solution File, Format Version 12.00
# Visual Studio Version 17
VisualStudioVersion = 17.8.34316.72
MinimumVisualStudioVersion = 10.0.40219.1
Project("{9A19103F-16F7-4668-BE54-9A1E7A4F7556}") = "TbdMinimalMusicAPi", "TbdMinimalMusicAPi\TbdMinimalMusicAPi.csproj", "{45B9679F-CCC6-49A2-9F9B-B5ABB7290A38}"
EndProject
Project("{FAE04EC0-301F-11D3-BF4B-00C04F79EFBC}") = "TbdRepApiTests", "TbdRepApiTests\TbdRepApiTests.csproj", "{9EDBC416-C38C-44DB-A72E-1ACD13D0C919}"
EndProject
Global
	GlobalSection(SolutionConfigurationPlatforms) = preSolution
		Debug|Any CPU = Debug|Any CPU
		Release|Any CPU = Release|Any CPU
	EndGlobalSection
	GlobalSection(ProjectConfigurationPlatforms) = postSolution
		{45B9679F-CCC6-49A2-9F9B-B5ABB7290A38}.Debug|Any CPU.ActiveCfg = Debug|Any CPU
		{45B9679F-CCC6-49A2-9F9B-B5ABB7290A38}.Debug|Any CPU.Build.0 = Debug|Any CPU
		{45B9679F-CCC6-49A2-9F9B-B5ABB7290A38}.Release|Any CPU.ActiveCfg = Release|Any CPU
		{45B9679F-CCC6-49A2-9F9B-B5ABB7290A38}.Release|Any CPU.Build.0 = Release|Any CPU
		{9EDBC416-C38C-44DB-A72E-1ACD13D0C919}.Debug|Any CPU.ActiveCfg = Debug|Any CPU
		{9EDBC416-C38C-44DB-A72E-1ACD13D0C919}.Debug|Any CPU.Build.0 = Debug|Any CPU
		{9EDBC416-C38C-44DB-A72E-1ACD13D0C919}.Release|Any CPU.ActiveCfg = Release|Any CPU
		{9EDBC416-C38C-44DB-A72E-1ACD13D0C919}.Release|Any CPU.Build.0 = Release|Any CPU
	EndGlobalSection
	GlobalSection(SolutionProperties) = preSolution
		HideSolutionNode = FALSE
	EndGlobalSection
	GlobalSection(ExtensibilityGlobals) = postSolution
		SolutionGuid = {976996FF-7BF1-4881-8D07-6C55C7B83CDD}
	EndGlobalSection
EndGlobal
